{
  "nodes": {
    "flake-parts": {
      "inputs": {
        "nixpkgs-lib": "nixpkgs-lib"
      },
      "locked": {
        "lastModified": 1714641030,
        "narHash": "sha256-yzcRNDoyVP7+SCNX0wmuDju1NUCt8Dz9+lyUXEI0dbI=",
        "owner": "hercules-ci",
        "repo": "flake-parts",
        "rev": "e5d10a24b66c3ea8f150e47dfdb0416ab7c3390e",
        "type": "github"
      },
      "original": {
        "owner": "hercules-ci",
        "repo": "flake-parts",
        "type": "github"
      }
    },
    "haskell-flake": {
      "locked": {
        "lastModified": 1714268160,
        "narHash": "sha256-LNbwGgBT5EqfWN7pqYbj71VLLGQJqWkde3ToOhkM5vM=",
        "owner": "srid",
        "repo": "haskell-flake",
        "rev": "5b0857e0b7feec60bf00e075f7859746d52b8564",
        "type": "github"
      },
      "original": {
        "owner": "srid",
        "repo": "haskell-flake",
        "type": "github"
      }
    },
    "nixpkgs": {
      "locked": {
        "lastModified": 1714750952,
        "narHash": "sha256-oOUdvPrO8CbupgDSaPou+Jv6GL+uQA2QlE33D7OLzkM=",
        "owner": "nixos",
        "repo": "nixpkgs",
        "rev": "5fd8536a9a5932d4ae8de52b7dc08d92041237fc",
        "type": "github"
      },
      "original": {
        "owner": "nixos",
        "ref": "nixpkgs-unstable",
        "repo": "nixpkgs",
        "type": "github"
      }
    },
    "nixpkgs-lib": {
      "locked": {
        "lastModified": 1714640452,
        "narHash": "sha256-QBx10+k6JWz6u7VsohfSw8g8hjdBZEf8CFzXH1/1Z94=",
        "type": "tarball",
        "url": "https://github.com/NixOS/nixpkgs/archive/50eb7ecf4cd0a5756d7275c8ba36790e5bd53e33.tar.gz"
      },
      "original": {
        "type": "tarball",
        "url": "https://github.com/NixOS/nixpkgs/archive/50eb7ecf4cd0a5756d7275c8ba36790e5bd53e33.tar.gz"
      }
    },
    "root": {
      "inputs": {
        "flake-parts": "flake-parts",
        "haskell-flake": "haskell-flake",
        "nixpkgs": "nixpkgs"
      }
    }
  },
  "root": "root",
  "version": 7
}
