{
  "nodes": {
    "flake-parts": {
      "inputs": {
        "nixpkgs-lib": "nixpkgs-lib"
      },
      "locked": {
        "lastModified": 1726153070,
        "narHash": "sha256-HO4zgY0ekfwO5bX0QH/3kJ/h4KvUDFZg8YpkNwIbg1U=",
        "owner": "hercules-ci",
        "repo": "flake-parts",
        "rev": "bcef6817a8b2aa20a5a6dbb19b43e63c5bf8619a",
        "type": "github"
      },
      "original": {
        "owner": "hercules-ci",
        "repo": "flake-parts",
        "type": "github"
      }
    },
    "haskell-flake": {
      "locked": {
        "lastModified": 1727016673,
        "narHash": "sha256-D4KDdeWiSkUapx44Bnh32jj6sVMxEQwlzSKnBpYIckM=",
        "owner": "srid",
        "repo": "haskell-flake",
        "rev": "7492f20504205d0281c54a97d23035cc2e625086",
        "type": "github"
      },
      "original": {
        "owner": "srid",
        "repo": "haskell-flake",
        "type": "github"
      }
    },
    "nixpkgs": {
      "locked": {
        "lastModified": 1727524699,
        "narHash": "sha256-k6YxGj08voz9NvuKExojiGXAVd69M8COtqWSKr6sQS4=",
        "owner": "nixos",
        "repo": "nixpkgs",
        "rev": "b5b2fecd0cadd82ef107c9583018f381ae70f222",
        "type": "github"
      },
      "original": {
        "owner": "nixos",
        "ref": "nixpkgs-unstable",
        "repo": "nixpkgs",
        "type": "github"
      }
    },
    "nixpkgs-lib": {
      "locked": {
        "lastModified": 1725233747,
        "narHash": "sha256-Ss8QWLXdr2JCBPcYChJhz4xJm+h/xjl4G0c0XlP6a74=",
        "type": "tarball",
        "url": "https://github.com/NixOS/nixpkgs/archive/356624c12086a18f2ea2825fed34523d60ccc4e3.tar.gz"
      },
      "original": {
        "type": "tarball",
        "url": "https://github.com/NixOS/nixpkgs/archive/356624c12086a18f2ea2825fed34523d60ccc4e3.tar.gz"
      }
    },
    "root": {
      "inputs": {
        "flake-parts": "flake-parts",
        "haskell-flake": "haskell-flake",
        "nixpkgs": "nixpkgs"
      }
    }
  },
  "root": "root",
  "version": 7
}
