{
  "nodes": {
    "flake-parts": {
      "inputs": {
        "nixpkgs-lib": "nixpkgs-lib"
      },
      "locked": {
        "lastModified": 1706830856,
        "narHash": "sha256-a0NYyp+h9hlb7ddVz4LUn1vT/PLwqfrWYcHMvFB1xYg=",
        "owner": "hercules-ci",
        "repo": "flake-parts",
        "rev": "b253292d9c0a5ead9bc98c4e9a26c6312e27d69f",
        "type": "github"
      },
      "original": {
        "owner": "hercules-ci",
        "repo": "flake-parts",
        "type": "github"
      }
    },
    "flake-root": {
      "locked": {
        "lastModified": 1692742795,
        "narHash": "sha256-f+Y0YhVCIJ06LemO+3Xx00lIcqQxSKJHXT/yk1RTKxw=",
        "owner": "srid",
        "repo": "flake-root",
        "rev": "d9a70d9c7a5fd7f3258ccf48da9335e9b47c3937",
        "type": "github"
      },
      "original": {
        "owner": "srid",
        "repo": "flake-root",
        "type": "github"
      }
    },
    "nixpkgs": {
      "locked": {
        "lastModified": 1708751719,
        "narHash": "sha256-0uWOKSpXJXmXswOvDM5Vk3blB74apFB6rNGWV5IjoN0=",
        "owner": "nixos",
        "repo": "nixpkgs",
        "rev": "f63ce824cd2f036216eb5f637dfef31e1a03ee89",
        "type": "github"
      },
      "original": {
        "owner": "nixos",
        "ref": "nixpkgs-unstable",
        "repo": "nixpkgs",
        "type": "github"
      }
    },
    "nixpkgs-lib": {
      "locked": {
        "dir": "lib",
        "lastModified": 1706550542,
        "narHash": "sha256-UcsnCG6wx++23yeER4Hg18CXWbgNpqNXcHIo5/1Y+hc=",
        "owner": "NixOS",
        "repo": "nixpkgs",
        "rev": "97b17f32362e475016f942bbdfda4a4a72a8a652",
        "type": "github"
      },
      "original": {
        "dir": "lib",
        "owner": "NixOS",
        "ref": "nixos-unstable",
        "repo": "nixpkgs",
        "type": "github"
      }
    },
    "nixpkgs_2": {
      "locked": {
        "lastModified": 1705856552,
        "narHash": "sha256-JXfnuEf5Yd6bhMs/uvM67/joxYKoysyE3M2k6T3eWbg=",
        "owner": "nixos",
        "repo": "nixpkgs",
        "rev": "612f97239e2cc474c13c9dafa0df378058c5ad8d",
        "type": "github"
      },
      "original": {
        "owner": "nixos",
        "ref": "nixos-unstable",
        "repo": "nixpkgs",
        "type": "github"
      }
    },
    "root": {
      "inputs": {
        "flake-parts": "flake-parts",
        "flake-root": "flake-root",
        "nixpkgs": "nixpkgs",
        "treefmt-nix": "treefmt-nix"
      }
    },
    "treefmt-nix": {
      "inputs": {
        "nixpkgs": "nixpkgs_2"
      },
      "locked": {
        "lastModified": 1707300477,
        "narHash": "sha256-qQF0fEkHlnxHcrKIMRzOETnRBksUK048MXkX0SOmxvA=",
        "owner": "numtide",
        "repo": "treefmt-nix",
        "rev": "ac599dab59a66304eb511af07b3883114f061b9d",
        "type": "github"
      },
      "original": {
        "owner": "numtide",
        "repo": "treefmt-nix",
        "type": "github"
      }
    }
  },
  "root": "root",
  "version": 7
}
